// !$*UTF8*$!
{
	archiveVersion = 1;
	classes = {
	};
	objectVersion = 50;
	objects = {

/* Begin PBXBuildFile section */
		188E4D9D2CD747B500BA55BA /* OCRappApp.swift in Sources */ = {isa = PBXBuildFile; fileRef = 188E4D9C2CD747B500BA55BA /* OCRappApp.swift */; };
		188E4D9F2CD747B500BA55BA /* ContentView.swift in Sources */ = {isa = PBXBuildFile; fileRef = 188E4D9E2CD747B500BA55BA /* ContentView.swift */; };
		188E4DA12CD747BA00BA55BA /* Assets.xcassets in Resources */ = {isa = PBXBuildFile; fileRef = 188E4DA02CD747BA00BA55BA /* Assets.xcassets */; };
		188E4DA42CD747BA00BA55BA /* Preview Assets.xcassets in Resources */ = {isa = PBXBuildFile; fileRef = 188E4DA32CD747BA00BA55BA /* Preview Assets.xcassets */; };
		188E4DAD2CD748C100BA55BA /* ColorScheme.swift in Sources */ = {isa = PBXBuildFile; fileRef = 188E4DAC2CD748C100BA55BA /* ColorScheme.swift */; };
		188E4DB02CD7495D00BA55BA /* LoginView.swift in Sources */ = {isa = PBXBuildFile; fileRef = 188E4DAF2CD7495D00BA55BA /* LoginView.swift */; };
		188E4DB52CD749D400BA55BA /* OTPVerificationView.swift in Sources */ = {isa = PBXBuildFile; fileRef = 188E4DB42CD749D400BA55BA /* OTPVerificationView.swift */; };
		188E4DB82CD74A5A00BA55BA /* HomeView.swift in Sources */ = {isa = PBXBuildFile; fileRef = 188E4DB72CD74A5A00BA55BA /* HomeView.swift */; };
		188E4DBD2CD74A9A00BA55BA /* ReservesView.swift in Sources */ = {isa = PBXBuildFile; fileRef = 188E4DBC2CD74A9A00BA55BA /* ReservesView.swift */; };
		188E4DC02CD74ACB00BA55BA /* OCRScannerView.swift in Sources */ = {isa = PBXBuildFile; fileRef = 188E4DBF2CD74ACB00BA55BA /* OCRScannerView.swift */; };
		188E4DC42CD751B700BA55BA /* SignUpView.swift in Sources */ = {isa = PBXBuildFile; fileRef = 188E4DC32CD751B700BA55BA /* SignUpView.swift */; };
		188E4DC82CD75E6A00BA55BA /* CourseDetailView.swift in Sources */ = {isa = PBXBuildFile; fileRef = 188E4DC72CD75E6A00BA55BA /* CourseDetailView.swift */; };
		188E4DD02CD7793A00BA55BA /* SearchBar.swift in Sources */ = {isa = PBXBuildFile; fileRef = 188E4DCF2CD7793A00BA55BA /* SearchBar.swift */; };
/* End PBXBuildFile section */

/* Begin PBXFileReference section */
		188E4D992CD747B500BA55BA /* OCRapp.app */ = {isa = PBXFileReference; explicitFileType = wrapper.application; includeInIndex = 0; path = OCRapp.app; sourceTree = BUILT_PRODUCTS_DIR; };
		188E4D9C2CD747B500BA55BA /* OCRappApp.swift */ = {isa = PBXFileReference; lastKnownFileType = sourcecode.swift; path = OCRappApp.swift; sourceTree = "<group>"; };
		188E4D9E2CD747B500BA55BA /* ContentView.swift */ = {isa = PBXFileReference; lastKnownFileType = sourcecode.swift; path = ContentView.swift; sourceTree = "<group>"; };
		188E4DA02CD747BA00BA55BA /* Assets.xcassets */ = {isa = PBXFileReference; lastKnownFileType = folder.assetcatalog; path = Assets.xcassets; sourceTree = "<group>"; };
		188E4DA32CD747BA00BA55BA /* Preview Assets.xcassets */ = {isa = PBXFileReference; lastKnownFileType = folder.assetcatalog; path = "Preview Assets.xcassets"; sourceTree = "<group>"; };
		188E4DA52CD747BA00BA55BA /* Info.plist */ = {isa = PBXFileReference; lastKnownFileType = text.plist.xml; path = Info.plist; sourceTree = "<group>"; };
		188E4DAC2CD748C100BA55BA /* ColorScheme.swift */ = {isa = PBXFileReference; lastKnownFileType = sourcecode.swift; path = ColorScheme.swift; sourceTree = "<group>"; };
		188E4DAF2CD7495D00BA55BA /* LoginView.swift */ = {isa = PBXFileReference; lastKnownFileType = sourcecode.swift; path = LoginView.swift; sourceTree = "<group>"; };
		188E4DB42CD749D400BA55BA /* OTPVerificationView.swift */ = {isa = PBXFileReference; lastKnownFileType = sourcecode.swift; path = OTPVerificationView.swift; sourceTree = "<group>"; };
		188E4DB72CD74A5A00BA55BA /* HomeView.swift */ = {isa = PBXFileReference; lastKnownFileType = sourcecode.swift; path = HomeView.swift; sourceTree = "<group>"; };
		188E4DBC2CD74A9A00BA55BA /* ReservesView.swift */ = {isa = PBXFileReference; lastKnownFileType = sourcecode.swift; path = ReservesView.swift; sourceTree = "<group>"; };
		188E4DBF2CD74ACB00BA55BA /* OCRScannerView.swift */ = {isa = PBXFileReference; lastKnownFileType = sourcecode.swift; path = OCRScannerView.swift; sourceTree = "<group>"; };
		188E4DC32CD751B700BA55BA /* SignUpView.swift */ = {isa = PBXFileReference; lastKnownFileType = sourcecode.swift; path = SignUpView.swift; sourceTree = "<group>"; };
		188E4DC72CD75E6A00BA55BA /* CourseDetailView.swift */ = {isa = PBXFileReference; lastKnownFileType = sourcecode.swift; path = CourseDetailView.swift; sourceTree = "<group>"; };
		188E4DCF2CD7793A00BA55BA /* SearchBar.swift */ = {isa = PBXFileReference; lastKnownFileType = sourcecode.swift; path = SearchBar.swift; sourceTree = "<group>"; };
/* End PBXFileReference section */

/* Begin PBXFrameworksBuildPhase section */
		188E4D962CD747B500BA55BA /* Frameworks */ = {
			isa = PBXFrameworksBuildPhase;
			buildActionMask = 2147483647;
			files = (
			);
			runOnlyForDeploymentPostprocessing = 0;
		};
/* End PBXFrameworksBuildPhase section */

/* Begin PBXGroup section */
		188E4D902CD747B500BA55BA = {
			isa = PBXGroup;
			children = (
				188E4D9B2CD747B500BA55BA /* OCRapp */,
				188E4D9A2CD747B500BA55BA /* Products */,
			);
			sourceTree = "<group>";
		};
		188E4D9A2CD747B500BA55BA /* Products */ = {
			isa = PBXGroup;
			children = (
				188E4D992CD747B500BA55BA /* OCRapp.app */,
			);
			name = Products;
			sourceTree = "<group>";
		};
		188E4D9B2CD747B500BA55BA /* OCRapp */ = {
			isa = PBXGroup;
			children = (
				188E4D9C2CD747B500BA55BA /* OCRappApp.swift */,
				188E4D9E2CD747B500BA55BA /* ContentView.swift */,
				188E4DAC2CD748C100BA55BA /* ColorScheme.swift */,
				188E4DB42CD749D400BA55BA /* OTPVerificationView.swift */,
				188E4DB72CD74A5A00BA55BA /* HomeView.swift */,
				188E4DBC2CD74A9A00BA55BA /* ReservesView.swift */,
				188E4DC72CD75E6A00BA55BA /* CourseDetailView.swift */,
				188E4DBF2CD74ACB00BA55BA /* OCRScannerView.swift */,
				188E4DC32CD751B700BA55BA /* SignUpView.swift */,
				188E4DAF2CD7495D00BA55BA /* LoginView.swift */,
				188E4DCF2CD7793A00BA55BA /* SearchBar.swift */,
				188E4DA02CD747BA00BA55BA /* Assets.xcassets */,
				188E4DA52CD747BA00BA55BA /* Info.plist */,
				188E4DA22CD747BA00BA55BA /* Preview Content */,
			);
			path = OCRapp;
			sourceTree = "<group>";
		};
		188E4DA22CD747BA00BA55BA /* Preview Content */ = {
			isa = PBXGroup;
			children = (
				188E4DA32CD747BA00BA55BA /* Preview Assets.xcassets */,
			);
			path = "Preview Content";
			sourceTree = "<group>";
		};
/* End PBXGroup section */

/* Begin PBXNativeTarget section */
		188E4D982CD747B500BA55BA /* OCRapp */ = {
			isa = PBXNativeTarget;
			buildConfigurationList = 188E4DA82CD747BA00BA55BA /* Build configuration list for PBXNativeTarget "OCRapp" */;
			buildPhases = (
				188E4D952CD747B500BA55BA /* Sources */,
				188E4D962CD747B500BA55BA /* Frameworks */,
				188E4D972CD747B500BA55BA /* Resources */,
			);
			buildRules = (
			);
			dependencies = (
			);
			name = OCRapp;
			productName = OCRapp;
			productReference = 188E4D992CD747B500BA55BA /* OCRapp.app */;
			productType = "com.apple.product-type.application";
		};
/* End PBXNativeTarget section */

/* Begin PBXProject section */
		188E4D912CD747B500BA55BA /* Project object */ = {
			isa = PBXProject;
			attributes = {
				LastSwiftUpdateCheck = 1240;
				LastUpgradeCheck = 1240;
				TargetAttributes = {
					188E4D982CD747B500BA55BA = {
						CreatedOnToolsVersion = 12.4;
					};
				};
			};
			buildConfigurationList = 188E4D942CD747B500BA55BA /* Build configuration list for PBXProject "OCRapp" */;
			compatibilityVersion = "Xcode 9.3";
			developmentRegion = en;
			hasScannedForEncodings = 0;
			knownRegions = (
				en,
				Base,
			);
			mainGroup = 188E4D902CD747B500BA55BA;
			productRefGroup = 188E4D9A2CD747B500BA55BA /* Products */;
			projectDirPath = "";
			projectRoot = "";
			targets = (
				188E4D982CD747B500BA55BA /* OCRapp */,
			);
		};
/* End PBXProject section */

/* Begin PBXResourcesBuildPhase section */
		188E4D972CD747B500BA55BA /* Resources */ = {
			isa = PBXResourcesBuildPhase;
			buildActionMask = 2147483647;
			files = (
				188E4DA42CD747BA00BA55BA /* Preview Assets.xcassets in Resources */,
				188E4DA12CD747BA00BA55BA /* Assets.xcassets in Resources */,
			);
			runOnlyForDeploymentPostprocessing = 0;
		};
/* End PBXResourcesBuildPhase section */

/* Begin PBXSourcesBuildPhase section */
		188E4D952CD747B500BA55BA /* Sources */ = {
			isa = PBXSourcesBuildPhase;
			buildActionMask = 2147483647;
			files = (
				188E4DC82CD75E6A00BA55BA /* CourseDetailView.swift in Sources */,
				188E4DC02CD74ACB00BA55BA /* OCRScannerView.swift in Sources */,
				188E4D9F2CD747B500BA55BA /* ContentView.swift in Sources */,
				188E4DBD2CD74A9A00BA55BA /* ReservesView.swift in Sources */,
				188E4DB52CD749D400BA55BA /* OTPVerificationView.swift in Sources */,
				188E4DAD2CD748C100BA55BA /* ColorScheme.swift in Sources */,
				188E4DB82CD74A5A00BA55BA /* HomeView.swift in Sources */,
				188E4DB02CD7495D00BA55BA /* LoginView.swift in Sources */,
				188E4DC42CD751B700BA55BA /* SignUpView.swift in Sources */,
				188E4DD02CD7793A00BA55BA /* SearchBar.swift in Sources */,
				188E4D9D2CD747B500BA55BA /* OCRappApp.swift in Sources */,
			);
			runOnlyForDeploymentPostprocessing = 0;
		};
/* End PBXSourcesBuildPhase section */

/* Begin XCBuildConfiguration section */
		188E4DA62CD747BA00BA55BA /* Debug */ = {
			isa = XCBuildConfiguration;
			buildSettings = {
				ALWAYS_SEARCH_USER_PATHS = NO;
				CLANG_ANALYZER_NONNULL = YES;
				CLANG_ANALYZER_NUMBER_OBJECT_CONVERSION = YES_AGGRESSIVE;
				CLANG_CXX_LANGUAGE_STANDARD = "gnu++14";
				CLANG_CXX_LIBRARY = "libc++";
				CLANG_ENABLE_MODULES = YES;
				CLANG_ENABLE_OBJC_ARC = YES;
				CLANG_ENABLE_OBJC_WEAK = YES;
				CLANG_WARN_BLOCK_CAPTURE_AUTORELEASING = YES;
				CLANG_WARN_BOOL_CONVERSION = YES;
				CLANG_WARN_COMMA = YES;
				CLANG_WARN_CONSTANT_CONVERSION = YES;
				CLANG_WARN_DEPRECATED_OBJC_IMPLEMENTATIONS = YES;
				CLANG_WARN_DIRECT_OBJC_ISA_USAGE = YES_ERROR;
				CLANG_WARN_DOCUMENTATION_COMMENTS = YES;
				CLANG_WARN_EMPTY_BODY = YES;
				CLANG_WARN_ENUM_CONVERSION = YES;
				CLANG_WARN_INFINITE_RECURSION = YES;
				CLANG_WARN_INT_CONVERSION = YES;
				CLANG_WARN_NON_LITERAL_NULL_CONVERSION = YES;
				CLANG_WARN_OBJC_IMPLICIT_RETAIN_SELF = YES;
				CLANG_WARN_OBJC_LITERAL_CONVERSION = YES;
				CLANG_WARN_OBJC_ROOT_CLASS = YES_ERROR;
				CLANG_WARN_QUOTED_INCLUDE_IN_FRAMEWORK_HEADER = YES;
				CLANG_WARN_RANGE_LOOP_ANALYSIS = YES;
				CLANG_WARN_STRICT_PROTOTYPES = YES;
				CLANG_WARN_SUSPICIOUS_MOVE = YES;
				CLANG_WARN_UNGUARDED_AVAILABILITY = YES_AGGRESSIVE;
				CLANG_WARN_UNREACHABLE_CODE = YES;
				CLANG_WARN__DUPLICATE_METHOD_MATCH = YES;
				COPY_PHASE_STRIP = NO;
				DEBUG_INFORMATION_FORMAT = dwarf;
				ENABLE_STRICT_OBJC_MSGSEND = YES;
				ENABLE_TESTABILITY = YES;
				GCC_C_LANGUAGE_STANDARD = gnu11;
				GCC_DYNAMIC_NO_PIC = NO;
				GCC_NO_COMMON_BLOCKS = YES;
				GCC_OPTIMIZATION_LEVEL = 0;
				GCC_PREPROCESSOR_DEFINITIONS = (
					"DEBUG=1",
					"$(inherited)",
				);
				GCC_WARN_64_TO_32_BIT_CONVERSION = YES;
				GCC_WARN_ABOUT_RETURN_TYPE = YES_ERROR;
				GCC_WARN_UNDECLARED_SELECTOR = YES;
				GCC_WARN_UNINITIALIZED_AUTOS = YES_AGGRESSIVE;
				GCC_WARN_UNUSED_FUNCTION = YES;
				GCC_WARN_UNUSED_VARIABLE = YES;
				IPHONEOS_DEPLOYMENT_TARGET = 14.4;
				MTL_ENABLE_DEBUG_INFO = INCLUDE_SOURCE;
				MTL_FAST_MATH = YES;
				ONLY_ACTIVE_ARCH = YES;
				SDKROOT = iphoneos;
				SWIFT_ACTIVE_COMPILATION_CONDITIONS = DEBUG;
				SWIFT_OPTIMIZATION_LEVEL = "-Onone";
			};
			name = Debug;
		};
		188E4DA72CD747BA00BA55BA /* Release */ = {
			isa = XCBuildConfiguration;
			buildSettings = {
				ALWAYS_SEARCH_USER_PATHS = NO;
				CLANG_ANALYZER_NONNULL = YES;
				CLANG_ANALYZER_NUMBER_OBJECT_CONVERSION = YES_AGGRESSIVE;
				CLANG_CXX_LANGUAGE_STANDARD = "gnu++14";
				CLANG_CXX_LIBRARY = "libc++";
				CLANG_ENABLE_MODULES = YES;
				CLANG_ENABLE_OBJC_ARC = YES;
				CLANG_ENABLE_OBJC_WEAK = YES;
				CLANG_WARN_BLOCK_CAPTURE_AUTORELEASING = YES;
				CLANG_WARN_BOOL_CONVERSION = YES;
				CLANG_WARN_COMMA = YES;
				CLANG_WARN_CONSTANT_CONVERSION = YES;
				CLANG_WARN_DEPRECATED_OBJC_IMPLEMENTATIONS = YES;
				CLANG_WARN_DIRECT_OBJC_ISA_USAGE = YES_ERROR;
				CLANG_WARN_DOCUMENTATION_COMMENTS = YES;
				CLANG_WARN_EMPTY_BODY = YES;
				CLANG_WARN_ENUM_CONVERSION = YES;
				CLANG_WARN_INFINITE_RECURSION = YES;
				CLANG_WARN_INT_CONVERSION = YES;
				CLANG_WARN_NON_LITERAL_NULL_CONVERSION = YES;
				CLANG_WARN_OBJC_IMPLICIT_RETAIN_SELF = YES;
				CLANG_WARN_OBJC_LITERAL_CONVERSION = YES;
				CLANG_WARN_OBJC_ROOT_CLASS = YES_ERROR;
				CLANG_WARN_QUOTED_INCLUDE_IN_FRAMEWORK_HEADER = YES;
				CLANG_WARN_RANGE_LOOP_ANALYSIS = YES;
				CLANG_WARN_STRICT_PROTOTYPES = YES;
				CLANG_WARN_SUSPICIOUS_MOVE = YES;
				CLANG_WARN_UNGUARDED_AVAILABILITY = YES_AGGRESSIVE;
				CLANG_WARN_UNREACHABLE_CODE = YES;
				CLANG_WARN__DUPLICATE_METHOD_MATCH = YES;
				COPY_PHASE_STRIP = NO;
				DEBUG_INFORMATION_FORMAT = "dwarf-with-dsym";
				ENABLE_NS_ASSERTIONS = NO;
				ENABLE_STRICT_OBJC_MSGSEND = YES;
				GCC_C_LANGUAGE_STANDARD = gnu11;
				GCC_NO_COMMON_BLOCKS = YES;
				GCC_WARN_64_TO_32_BIT_CONVERSION = YES;
				GCC_WARN_ABOUT_RETURN_TYPE = YES_ERROR;
				GCC_WARN_UNDECLARED_SELECTOR = YES;
				GCC_WARN_UNINITIALIZED_AUTOS = YES_AGGRESSIVE;
				GCC_WARN_UNUSED_FUNCTION = YES;
				GCC_WARN_UNUSED_VARIABLE = YES;
				IPHONEOS_DEPLOYMENT_TARGET = 14.4;
				MTL_ENABLE_DEBUG_INFO = NO;
				MTL_FAST_MATH = YES;
				SDKROOT = iphoneos;
				SWIFT_COMPILATION_MODE = wholemodule;
				SWIFT_OPTIMIZATION_LEVEL = "-O";
				VALIDATE_PRODUCT = YES;
			};
			name = Release;
		};
		188E4DA92CD747BA00BA55BA /* Debug */ = {
			isa = XCBuildConfiguration;
			buildSettings = {
				ASSETCATALOG_COMPILER_APPICON_NAME = AppIcon;
				ASSETCATALOG_COMPILER_GLOBAL_ACCENT_COLOR_NAME = AccentColor;
				CODE_SIGN_STYLE = Automatic;
				DEVELOPMENT_ASSET_PATHS = "\"OCRapp/Preview Content\"";
				ENABLE_PREVIEWS = YES;
				INFOPLIST_FILE = OCRapp/Info.plist;
				IPHONEOS_DEPLOYMENT_TARGET = 14.0;
				LD_RUNPATH_SEARCH_PATHS = (
					"$(inherited)",
					"@executable_path/Frameworks",
				);
				PRODUCT_BUNDLE_IDENTIFIER = dev.OCRapp;
				PRODUCT_NAME = "$(TARGET_NAME)";
				SWIFT_VERSION = 5.0;
				TARGETED_DEVICE_FAMILY = "1,2";
			};
			name = Debug;
		};
		188E4DAA2CD747BA00BA55BA /* Release */ = {
			isa = XCBuildConfiguration;
			buildSettings = {
				ASSETCATALOG_COMPILER_APPICON_NAME = AppIcon;
				ASSETCATALOG_COMPILER_GLOBAL_ACCENT_COLOR_NAME = AccentColor;
				CODE_SIGN_STYLE = Automatic;
				DEVELOPMENT_ASSET_PATHS = "\"OCRapp/Preview Content\"";
				ENABLE_PREVIEWS = YES;
				INFOPLIST_FILE = OCRapp/Info.plist;
				IPHONEOS_DEPLOYMENT_TARGET = 14.0;
				LD_RUNPATH_SEARCH_PATHS = (
					"$(inherited)",
					"@executable_path/Frameworks",
				);
				PRODUCT_BUNDLE_IDENTIFIER = dev.OCRapp;
				PRODUCT_NAME = "$(TARGET_NAME)";
				SWIFT_VERSION = 5.0;
				TARGETED_DEVICE_FAMILY = "1,2";
			};
			name = Release;
		};
/* End XCBuildConfiguration section */

/* Begin XCConfigurationList section */
		188E4D942CD747B500BA55BA /* Build configuration list for PBXProject "OCRapp" */ = {
			isa = XCConfigurationList;
			buildConfigurations = (
				188E4DA62CD747BA00BA55BA /* Debug */,
				188E4DA72CD747BA00BA55BA /* Release */,
			);
			defaultConfigurationIsVisible = 0;
			defaultConfigurationName = Release;
		};
		188E4DA82CD747BA00BA55BA /* Build configuration list for PBXNativeTarget "OCRapp" */ = {
			isa = XCConfigurationList;
			buildConfigurations = (
				188E4DA92CD747BA00BA55BA /* Debug */,
				188E4DAA2CD747BA00BA55BA /* Release */,
			);
			defaultConfigurationIsVisible = 0;
			defaultConfigurationName = Release;
		};
/* End XCConfigurationList section */
	};
	rootObject = 188E4D912CD747B500BA55BA /* Project object */;
}
